
Microsoft Visual Studio Solution File, Format Version 12.00
# Visual Studio Version 17
VisualStudioVersion = 17.3.32819.101
MinimumVisualStudioVersion = 10.0.40219.1
Project("{FAE04EC0-301F-11D3-BF4B-00C04F79EFBC}") = "itinerario 3", "itinerario 3\itinerario 3.csproj", "{688154C9-76A1-450E-8BCD-B105A50853C8}"
EndProject
Project("{FAE04EC0-301F-11D3-BF4B-00C04F79EFBC}") = "eventos 1", "eventos 1\eventos 1.csproj", "{A1DB28F7-6C1D-4C36-A2EC-9CD46CB741DF}"
EndProject
Global
	GlobalSection(SolutionConfigurationPlatforms) = preSolution
		Debug|Any CPU = Debug|Any CPU
		Release|Any CPU = Release|Any CPU
	EndGlobalSection
	GlobalSection(ProjectConfigurationPlatforms) = postSolution
		{688154C9-76A1-450E-8BCD-B105A50853C8}.Debug|Any CPU.ActiveCfg = Debug|Any CPU
		{688154C9-76A1-450E-8BCD-B105A50853C8}.Debug|Any CPU.Build.0 = Debug|Any CPU
		{688154C9-76A1-450E-8BCD-B105A50853C8}.Release|Any CPU.ActiveCfg = Release|Any CPU
		{688154C9-76A1-450E-8BCD-B105A50853C8}.Release|Any CPU.Build.0 = Release|Any CPU
		{A1DB28F7-6C1D-4C36-A2EC-9CD46CB741DF}.Debug|Any CPU.ActiveCfg = Debug|Any CPU
		{A1DB28F7-6C1D-4C36-A2EC-9CD46CB741DF}.Debug|Any CPU.Build.0 = Debug|Any CPU
		{A1DB28F7-6C1D-4C36-A2EC-9CD46CB741DF}.Release|Any CPU.ActiveCfg = Release|Any CPU
		{A1DB28F7-6C1D-4C36-A2EC-9CD46CB741DF}.Release|Any CPU.Build.0 = Release|Any CPU
	EndGlobalSection
	GlobalSection(SolutionProperties) = preSolution
		HideSolutionNode = FALSE
	EndGlobalSection
	GlobalSection(ExtensibilityGlobals) = postSolution
		SolutionGuid = {EDAA58EA-81A3-4EE3-9331-539B42E7BFDA}
	EndGlobalSection
EndGlobal
